
Microsoft Visual Studio Solution File, Format Version 12.00
# Visual Studio Version 17
VisualStudioVersion = 17.3.32929.385
MinimumVisualStudioVersion = 10.0.40219.1
Project("{FAE04EC0-301F-11D3-BF4B-00C04F79EFBC}") = "9_1", "9_1\9_1.csproj", "{7AFAB118-E141-4F22-BEC6-0040CF592385}"
EndProject
Global
	GlobalSection(SolutionConfigurationPlatforms) = preSolution
		Debug|Any CPU = Debug|Any CPU
		Release|Any CPU = Release|Any CPU
	EndGlobalSection
	GlobalSection(ProjectConfigurationPlatforms) = postSolution
		{7AFAB118-E141-4F22-BEC6-0040CF592385}.Debug|Any CPU.ActiveCfg = Debug|Any CPU
		{7AFAB118-E141-4F22-BEC6-0040CF592385}.Debug|Any CPU.Build.0 = Debug|Any CPU
		{7AFAB118-E141-4F22-BEC6-0040CF592385}.Release|Any CPU.ActiveCfg = Release|Any CPU
		{7AFAB118-E141-4F22-BEC6-0040CF592385}.Release|Any CPU.Build.0 = Release|Any CPU
	EndGlobalSection
	GlobalSection(SolutionProperties) = preSolution
		HideSolutionNode = FALSE
	EndGlobalSection
	GlobalSection(ExtensibilityGlobals) = postSolution
		SolutionGuid = {D3A69463-26B5-4FE4-BA3A-D4E900E6BE93}
	EndGlobalSection
EndGlobal
